// !$*UTF8*$!
{
	archiveVersion = 1;
	classes = {
	};
	objectVersion = 56;
	objects = {

/* Begin PBXBuildFile section */
		5F04693D2A86A35800E3E8BD /* AppDelegate.swift in Sources */ = {isa = PBXBuildFile; fileRef = 5F04693C2A86A35800E3E8BD /* AppDelegate.swift */; };
		5F04693F2A86A35800E3E8BD /* SceneDelegate.swift in Sources */ = {isa = PBXBuildFile; fileRef = 5F04693E2A86A35800E3E8BD /* SceneDelegate.swift */; };
		5F0469462A86A35A00E3E8BD /* Assets.xcassets in Resources */ = {isa = PBXBuildFile; fileRef = 5F0469452A86A35A00E3E8BD /* Assets.xcassets */; };
		5F0469492A86A35A00E3E8BD /* LaunchScreen.storyboard in Resources */ = {isa = PBXBuildFile; fileRef = 5F0469472A86A35A00E3E8BD /* LaunchScreen.storyboard */; };
		5F0469582A86A7EE00E3E8BD /* MainVC.swift in Sources */ = {isa = PBXBuildFile; fileRef = 5F0469572A86A7EE00E3E8BD /* MainVC.swift */; };
		5F04695A2A86A83800E3E8BD /* StartVC.swift in Sources */ = {isa = PBXBuildFile; fileRef = 5F0469592A86A83800E3E8BD /* StartVC.swift */; };
/* End PBXBuildFile section */

/* Begin PBXFileReference section */
		5F0469392A86A35800E3E8BD /* PokerPlanet.app */ = {isa = PBXFileReference; explicitFileType = wrapper.application; includeInIndex = 0; path = PokerPlanet.app; sourceTree = BUILT_PRODUCTS_DIR; };
		5F04693C2A86A35800E3E8BD /* AppDelegate.swift */ = {isa = PBXFileReference; lastKnownFileType = sourcecode.swift; path = AppDelegate.swift; sourceTree = "<group>"; };
		5F04693E2A86A35800E3E8BD /* SceneDelegate.swift */ = {isa = PBXFileReference; lastKnownFileType = sourcecode.swift; path = SceneDelegate.swift; sourceTree = "<group>"; };
		5F0469452A86A35A00E3E8BD /* Assets.xcassets */ = {isa = PBXFileReference; lastKnownFileType = folder.assetcatalog; path = Assets.xcassets; sourceTree = "<group>"; };
		5F0469482A86A35A00E3E8BD /* Base */ = {isa = PBXFileReference; lastKnownFileType = file.storyboard; name = Base; path = Base.lproj/LaunchScreen.storyboard; sourceTree = "<group>"; };
		5F04694A2A86A35A00E3E8BD /* Info.plist */ = {isa = PBXFileReference; lastKnownFileType = text.plist.xml; path = Info.plist; sourceTree = "<group>"; };
		5F0469572A86A7EE00E3E8BD /* MainVC.swift */ = {isa = PBXFileReference; lastKnownFileType = sourcecode.swift; path = MainVC.swift; sourceTree = "<group>"; };
		5F0469592A86A83800E3E8BD /* StartVC.swift */ = {isa = PBXFileReference; lastKnownFileType = sourcecode.swift; path = StartVC.swift; sourceTree = "<group>"; };
/* End PBXFileReference section */

/* Begin PBXFrameworksBuildPhase section */
		5F0469362A86A35800E3E8BD /* Frameworks */ = {
			isa = PBXFrameworksBuildPhase;
			buildActionMask = 2147483647;
			files = (
			);
			runOnlyForDeploymentPostprocessing = 0;
		};
/* End PBXFrameworksBuildPhase section */

/* Begin PBXGroup section */
		5F0469302A86A35800E3E8BD = {
			isa = PBXGroup;
			children = (
				5F04693B2A86A35800E3E8BD /* PokerPlanet */,
				5F04693A2A86A35800E3E8BD /* Products */,
			);
			sourceTree = "<group>";
		};
		5F04693A2A86A35800E3E8BD /* Products */ = {
			isa = PBXGroup;
			children = (
				5F0469392A86A35800E3E8BD /* PokerPlanet.app */,
			);
			name = Products;
			sourceTree = "<group>";
		};
		5F04693B2A86A35800E3E8BD /* PokerPlanet */ = {
			isa = PBXGroup;
			children = (
				5F0469562A86A7B900E3E8BD /* Representors */,
				5F04695B2A86A8D500E3E8BD /* ViewModels */,
				5F0469552A86A75800E3E8BD /* Data */,
				5F0469512A86A61F00E3E8BD /* Application */,
				5F0469522A86A63D00E3E8BD /* Utilities */,
				5F0469532A86A66400E3E8BD /* Resources */,
				5F0469472A86A35A00E3E8BD /* LaunchScreen.storyboard */,
				5F04694A2A86A35A00E3E8BD /* Info.plist */,
			);
			path = PokerPlanet;
			sourceTree = "<group>";
		};
		5F0469502A86A61100E3E8BD /* Network */ = {
			isa = PBXGroup;
			children = (
			);
			path = Network;
			sourceTree = "<group>";
		};
		5F0469512A86A61F00E3E8BD /* Application */ = {
			isa = PBXGroup;
			children = (
				5F04693C2A86A35800E3E8BD /* AppDelegate.swift */,
				5F04693E2A86A35800E3E8BD /* SceneDelegate.swift */,
			);
			path = Application;
			sourceTree = "<group>";
		};
		5F0469522A86A63D00E3E8BD /* Utilities */ = {
			isa = PBXGroup;
			children = (
			);
			path = Utilities;
			sourceTree = "<group>";
		};
		5F0469532A86A66400E3E8BD /* Resources */ = {
			isa = PBXGroup;
			children = (
				5F0469452A86A35A00E3E8BD /* Assets.xcassets */,
			);
			path = Resources;
			sourceTree = "<group>";
		};
		5F0469552A86A75800E3E8BD /* Data */ = {
			isa = PBXGroup;
			children = (
				5F04695C2A86A9B900E3E8BD /* Models */,
				5F0469502A86A61100E3E8BD /* Network */,
			);
			path = Data;
			sourceTree = "<group>";
		};
		5F0469562A86A7B900E3E8BD /* Representors */ = {
			isa = PBXGroup;
			children = (
				5F0469572A86A7EE00E3E8BD /* MainVC.swift */,
				5F0469592A86A83800E3E8BD /* StartVC.swift */,
			);
			path = Representors;
			sourceTree = "<group>";
		};
		5F04695B2A86A8D500E3E8BD /* ViewModels */ = {
			isa = PBXGroup;
			children = (
			);
			path = ViewModels;
			sourceTree = "<group>";
		};
		5F04695C2A86A9B900E3E8BD /* Models */ = {
			isa = PBXGroup;
			children = (
			);
			path = Models;
			sourceTree = "<group>";
		};
/* End PBXGroup section */

/* Begin PBXNativeTarget section */
		5F0469382A86A35800E3E8BD /* PokerPlanet */ = {
			isa = PBXNativeTarget;
			buildConfigurationList = 5F04694D2A86A35A00E3E8BD /* Build configuration list for PBXNativeTarget "PokerPlanet" */;
			buildPhases = (
				5F0469352A86A35800E3E8BD /* Sources */,
				5F0469362A86A35800E3E8BD /* Frameworks */,
				5F0469372A86A35800E3E8BD /* Resources */,
			);
			buildRules = (
			);
			dependencies = (
			);
			name = PokerPlanet;
			productName = PokerPlanet;
			productReference = 5F0469392A86A35800E3E8BD /* PokerPlanet.app */;
			productType = "com.apple.product-type.application";
		};
/* End PBXNativeTarget section */

/* Begin PBXProject section */
		5F0469312A86A35800E3E8BD /* Project object */ = {
			isa = PBXProject;
			attributes = {
				BuildIndependentTargetsInParallel = 1;
				LastSwiftUpdateCheck = 1430;
				LastUpgradeCheck = 1430;
				TargetAttributes = {
					5F0469382A86A35800E3E8BD = {
						CreatedOnToolsVersion = 14.3.1;
					};
				};
			};
			buildConfigurationList = 5F0469342A86A35800E3E8BD /* Build configuration list for PBXProject "PokerPlanet" */;
			compatibilityVersion = "Xcode 14.0";
			developmentRegion = en;
			hasScannedForEncodings = 0;
			knownRegions = (
				en,
				Base,
			);
			mainGroup = 5F0469302A86A35800E3E8BD;
			productRefGroup = 5F04693A2A86A35800E3E8BD /* Products */;
			projectDirPath = "";
			projectRoot = "";
			targets = (
				5F0469382A86A35800E3E8BD /* PokerPlanet */,
			);
		};
/* End PBXProject section */

/* Begin PBXResourcesBuildPhase section */
		5F0469372A86A35800E3E8BD /* Resources */ = {
			isa = PBXResourcesBuildPhase;
			buildActionMask = 2147483647;
			files = (
				5F0469492A86A35A00E3E8BD /* LaunchScreen.storyboard in Resources */,
				5F0469462A86A35A00E3E8BD /* Assets.xcassets in Resources */,
			);
			runOnlyForDeploymentPostprocessing = 0;
		};
/* End PBXResourcesBuildPhase section */

/* Begin PBXSourcesBuildPhase section */
		5F0469352A86A35800E3E8BD /* Sources */ = {
			isa = PBXSourcesBuildPhase;
			buildActionMask = 2147483647;
			files = (
				5F04693D2A86A35800E3E8BD /* AppDelegate.swift in Sources */,
				5F04693F2A86A35800E3E8BD /* SceneDelegate.swift in Sources */,
				5F0469582A86A7EE00E3E8BD /* MainVC.swift in Sources */,
				5F04695A2A86A83800E3E8BD /* StartVC.swift in Sources */,
			);
			runOnlyForDeploymentPostprocessing = 0;
		};
/* End PBXSourcesBuildPhase section */

/* Begin PBXVariantGroup section */
		5F0469472A86A35A00E3E8BD /* LaunchScreen.storyboard */ = {
			isa = PBXVariantGroup;
			children = (
				5F0469482A86A35A00E3E8BD /* Base */,
			);
			name = LaunchScreen.storyboard;
			sourceTree = "<group>";
		};
/* End PBXVariantGroup section */

/* Begin XCBuildConfiguration section */
		5F04694B2A86A35A00E3E8BD /* Debug */ = {
			isa = XCBuildConfiguration;
			buildSettings = {
				ALWAYS_SEARCH_USER_PATHS = NO;
				CLANG_ANALYZER_NONNULL = YES;
				CLANG_ANALYZER_NUMBER_OBJECT_CONVERSION = YES_AGGRESSIVE;
				CLANG_CXX_LANGUAGE_STANDARD = "gnu++20";
				CLANG_ENABLE_MODULES = YES;
				CLANG_ENABLE_OBJC_ARC = YES;
				CLANG_ENABLE_OBJC_WEAK = YES;
				CLANG_WARN_BLOCK_CAPTURE_AUTORELEASING = YES;
				CLANG_WARN_BOOL_CONVERSION = YES;
				CLANG_WARN_COMMA = YES;
				CLANG_WARN_CONSTANT_CONVERSION = YES;
				CLANG_WARN_DEPRECATED_OBJC_IMPLEMENTATIONS = YES;
				CLANG_WARN_DIRECT_OBJC_ISA_USAGE = YES_ERROR;
				CLANG_WARN_DOCUMENTATION_COMMENTS = YES;
				CLANG_WARN_EMPTY_BODY = YES;
				CLANG_WARN_ENUM_CONVERSION = YES;
				CLANG_WARN_INFINITE_RECURSION = YES;
				CLANG_WARN_INT_CONVERSION = YES;
				CLANG_WARN_NON_LITERAL_NULL_CONVERSION = YES;
				CLANG_WARN_OBJC_IMPLICIT_RETAIN_SELF = YES;
				CLANG_WARN_OBJC_LITERAL_CONVERSION = YES;
				CLANG_WARN_OBJC_ROOT_CLASS = YES_ERROR;
				CLANG_WARN_QUOTED_INCLUDE_IN_FRAMEWORK_HEADER = YES;
				CLANG_WARN_RANGE_LOOP_ANALYSIS = YES;
				CLANG_WARN_STRICT_PROTOTYPES = YES;
				CLANG_WARN_SUSPICIOUS_MOVE = YES;
				CLANG_WARN_UNGUARDED_AVAILABILITY = YES_AGGRESSIVE;
				CLANG_WARN_UNREACHABLE_CODE = YES;
				CLANG_WARN__DUPLICATE_METHOD_MATCH = YES;
				COPY_PHASE_STRIP = NO;
				DEBUG_INFORMATION_FORMAT = dwarf;
				ENABLE_STRICT_OBJC_MSGSEND = YES;
				ENABLE_TESTABILITY = YES;
				GCC_C_LANGUAGE_STANDARD = gnu11;
				GCC_DYNAMIC_NO_PIC = NO;
				GCC_NO_COMMON_BLOCKS = YES;
				GCC_OPTIMIZATION_LEVEL = 0;
				GCC_PREPROCESSOR_DEFINITIONS = (
					"DEBUG=1",
					"$(inherited)",
				);
				GCC_WARN_64_TO_32_BIT_CONVERSION = YES;
				GCC_WARN_ABOUT_RETURN_TYPE = YES_ERROR;
				GCC_WARN_UNDECLARED_SELECTOR = YES;
				GCC_WARN_UNINITIALIZED_AUTOS = YES_AGGRESSIVE;
				GCC_WARN_UNUSED_FUNCTION = YES;
				GCC_WARN_UNUSED_VARIABLE = YES;
				IPHONEOS_DEPLOYMENT_TARGET = 16.4;
				MTL_ENABLE_DEBUG_INFO = INCLUDE_SOURCE;
				MTL_FAST_MATH = YES;
				ONLY_ACTIVE_ARCH = YES;
				SDKROOT = iphoneos;
				SWIFT_ACTIVE_COMPILATION_CONDITIONS = DEBUG;
				SWIFT_OPTIMIZATION_LEVEL = "-Onone";
			};
			name = Debug;
		};
		5F04694C2A86A35A00E3E8BD /* Release */ = {
			isa = XCBuildConfiguration;
			buildSettings = {
				ALWAYS_SEARCH_USER_PATHS = NO;
				CLANG_ANALYZER_NONNULL = YES;
				CLANG_ANALYZER_NUMBER_OBJECT_CONVERSION = YES_AGGRESSIVE;
				CLANG_CXX_LANGUAGE_STANDARD = "gnu++20";
				CLANG_ENABLE_MODULES = YES;
				CLANG_ENABLE_OBJC_ARC = YES;
				CLANG_ENABLE_OBJC_WEAK = YES;
				CLANG_WARN_BLOCK_CAPTURE_AUTORELEASING = YES;
				CLANG_WARN_BOOL_CONVERSION = YES;
				CLANG_WARN_COMMA = YES;
				CLANG_WARN_CONSTANT_CONVERSION = YES;
				CLANG_WARN_DEPRECATED_OBJC_IMPLEMENTATIONS = YES;
				CLANG_WARN_DIRECT_OBJC_ISA_USAGE = YES_ERROR;
				CLANG_WARN_DOCUMENTATION_COMMENTS = YES;
				CLANG_WARN_EMPTY_BODY = YES;
				CLANG_WARN_ENUM_CONVERSION = YES;
				CLANG_WARN_INFINITE_RECURSION = YES;
				CLANG_WARN_INT_CONVERSION = YES;
				CLANG_WARN_NON_LITERAL_NULL_CONVERSION = YES;
				CLANG_WARN_OBJC_IMPLICIT_RETAIN_SELF = YES;
				CLANG_WARN_OBJC_LITERAL_CONVERSION = YES;
				CLANG_WARN_OBJC_ROOT_CLASS = YES_ERROR;
				CLANG_WARN_QUOTED_INCLUDE_IN_FRAMEWORK_HEADER = YES;
				CLANG_WARN_RANGE_LOOP_ANALYSIS = YES;
				CLANG_WARN_STRICT_PROTOTYPES = YES;
				CLANG_WARN_SUSPICIOUS_MOVE = YES;
				CLANG_WARN_UNGUARDED_AVAILABILITY = YES_AGGRESSIVE;
				CLANG_WARN_UNREACHABLE_CODE = YES;
				CLANG_WARN__DUPLICATE_METHOD_MATCH = YES;
				COPY_PHASE_STRIP = NO;
				DEBUG_INFORMATION_FORMAT = "dwarf-with-dsym";
				ENABLE_NS_ASSERTIONS = NO;
				ENABLE_STRICT_OBJC_MSGSEND = YES;
				GCC_C_LANGUAGE_STANDARD = gnu11;
				GCC_NO_COMMON_BLOCKS = YES;
				GCC_WARN_64_TO_32_BIT_CONVERSION = YES;
				GCC_WARN_ABOUT_RETURN_TYPE = YES_ERROR;
				GCC_WARN_UNDECLARED_SELECTOR = YES;
				GCC_WARN_UNINITIALIZED_AUTOS = YES_AGGRESSIVE;
				GCC_WARN_UNUSED_FUNCTION = YES;
				GCC_WARN_UNUSED_VARIABLE = YES;
				IPHONEOS_DEPLOYMENT_TARGET = 16.4;
				MTL_ENABLE_DEBUG_INFO = NO;
				MTL_FAST_MATH = YES;
				SDKROOT = iphoneos;
				SWIFT_COMPILATION_MODE = wholemodule;
				SWIFT_OPTIMIZATION_LEVEL = "-O";
				VALIDATE_PRODUCT = YES;
			};
			name = Release;
		};
		5F04694E2A86A35A00E3E8BD /* Debug */ = {
			isa = XCBuildConfiguration;
			buildSettings = {
				ASSETCATALOG_COMPILER_APPICON_NAME = AppIcon;
				ASSETCATALOG_COMPILER_GLOBAL_ACCENT_COLOR_NAME = AccentColor;
				CODE_SIGN_STYLE = Automatic;
				CURRENT_PROJECT_VERSION = 1;
				DEVELOPMENT_TEAM = 9Q5PU57D77;
				GENERATE_INFOPLIST_FILE = YES;
				INFOPLIST_FILE = PokerPlanet/Info.plist;
				INFOPLIST_KEY_UIApplicationSupportsIndirectInputEvents = YES;
				INFOPLIST_KEY_UILaunchStoryboardName = LaunchScreen;
				INFOPLIST_KEY_UISupportedInterfaceOrientations_iPad = "UIInterfaceOrientationPortrait UIInterfaceOrientationPortraitUpsideDown UIInterfaceOrientationLandscapeLeft UIInterfaceOrientationLandscapeRight";
				INFOPLIST_KEY_UISupportedInterfaceOrientations_iPhone = "UIInterfaceOrientationPortrait UIInterfaceOrientationLandscapeLeft UIInterfaceOrientationLandscapeRight";
				IPHONEOS_DEPLOYMENT_TARGET = 15.0;
				LD_RUNPATH_SEARCH_PATHS = (
					"$(inherited)",
					"@executable_path/Frameworks",
				);
				MARKETING_VERSION = 1.0;
				PRODUCT_BUNDLE_IDENTIFIER = "romanvlasov390-inbox.ru.PokerPlanet";
				PRODUCT_NAME = "$(TARGET_NAME)";
				SWIFT_EMIT_LOC_STRINGS = YES;
				SWIFT_VERSION = 5.0;
				TARGETED_DEVICE_FAMILY = "1,2";
			};
			name = Debug;
		};
		5F04694F2A86A35A00E3E8BD /* Release */ = {
			isa = XCBuildConfiguration;
			buildSettings = {
				ASSETCATALOG_COMPILER_APPICON_NAME = AppIcon;
				ASSETCATALOG_COMPILER_GLOBAL_ACCENT_COLOR_NAME = AccentColor;
				CODE_SIGN_STYLE = Automatic;
				CURRENT_PROJECT_VERSION = 1;
				DEVELOPMENT_TEAM = 9Q5PU57D77;
				GENERATE_INFOPLIST_FILE = YES;
				INFOPLIST_FILE = PokerPlanet/Info.plist;
				INFOPLIST_KEY_UIApplicationSupportsIndirectInputEvents = YES;
				INFOPLIST_KEY_UILaunchStoryboardName = LaunchScreen;
				INFOPLIST_KEY_UISupportedInterfaceOrientations_iPad = "UIInterfaceOrientationPortrait UIInterfaceOrientationPortraitUpsideDown UIInterfaceOrientationLandscapeLeft UIInterfaceOrientationLandscapeRight";
				INFOPLIST_KEY_UISupportedInterfaceOrientations_iPhone = "UIInterfaceOrientationPortrait UIInterfaceOrientationLandscapeLeft UIInterfaceOrientationLandscapeRight";
				IPHONEOS_DEPLOYMENT_TARGET = 15.0;
				LD_RUNPATH_SEARCH_PATHS = (
					"$(inherited)",
					"@executable_path/Frameworks",
				);
				MARKETING_VERSION = 1.0;
				PRODUCT_BUNDLE_IDENTIFIER = "romanvlasov390-inbox.ru.PokerPlanet";
				PRODUCT_NAME = "$(TARGET_NAME)";
				SWIFT_EMIT_LOC_STRINGS = YES;
				SWIFT_VERSION = 5.0;
				TARGETED_DEVICE_FAMILY = "1,2";
			};
			name = Release;
		};
/* End XCBuildConfiguration section */

/* Begin XCConfigurationList section */
		5F0469342A86A35800E3E8BD /* Build configuration list for PBXProject "PokerPlanet" */ = {
			isa = XCConfigurationList;
			buildConfigurations = (
				5F04694B2A86A35A00E3E8BD /* Debug */,
				5F04694C2A86A35A00E3E8BD /* Release */,
			);
			defaultConfigurationIsVisible = 0;
			defaultConfigurationName = Release;
		};
		5F04694D2A86A35A00E3E8BD /* Build configuration list for PBXNativeTarget "PokerPlanet" */ = {
			isa = XCConfigurationList;
			buildConfigurations = (
				5F04694E2A86A35A00E3E8BD /* Debug */,
				5F04694F2A86A35A00E3E8BD /* Release */,
			);
			defaultConfigurationIsVisible = 0;
			defaultConfigurationName = Release;
		};
/* End XCConfigurationList section */
	};
	rootObject = 5F0469312A86A35800E3E8BD /* Project object */;
}
